
Microsoft Visual Studio Solution File, Format Version 12.00
# Visual Studio Version 17
VisualStudioVersion = 17.12.35527.113
MinimumVisualStudioVersion = 10.0.40219.1
Project("{FAE04EC0-301F-11D3-BF4B-00C04F79EFBC}") = "PetShopAPI", "PetShopAPI\PetShopAPI.csproj", "{0FE25C4B-81D6-4DA2-98A2-17F340C6801A}"
EndProject
Project("{FAE04EC0-301F-11D3-BF4B-00C04F79EFBC}") = "PetShop.Tests", "PetShop.Tests\PetShop.Tests.csproj", "{90BDF818-2327-43F9-B9B4-C13E2DD75539}"
EndProject
Project("{FAE04EC0-301F-11D3-BF4B-00C04F79EFBC}") = "PetShopSalesAPI", "PetShopSalesAPI\PetShopSalesAPI.csproj", "{C9059E0C-63B8-45EF-B5F7-9A9843523CC7}"
EndProject
Project("{FAE04EC0-301F-11D3-BF4B-00C04F79EFBC}") = "PetShopML", "PetShopML\PetShopML.csproj", "{80CDC2A6-B870-4DB3-94F8-B82592DC2DAB}"
EndProject
Project("{FAE04EC0-301F-11D3-BF4B-00C04F79EFBC}") = "PetShopML.Trainer", "PetShopML.Trainer\PetShopML.Trainer.csproj", "{199466E3-01CB-496D-A9E7-034A6B1D1A8E}"
EndProject
Project("{FAE04EC0-301F-11D3-BF4B-00C04F79EFBC}") = "PetShopML.Model", "PetShopML.Model\PetShopML.Model.csproj", "{20EC298A-5454-4E85-8E13-07D922F969AE}"
EndProject
Project("{FAE04EC0-301F-11D3-BF4B-00C04F79EFBC}") = "PetShop.Domain", "PetShop.Domain\PetShop.Domain.csproj", "{0B64B95B-C608-4307-A12C-C9C55154F784}"
EndProject
Project("{FAE04EC0-301F-11D3-BF4B-00C04F79EFBC}") = "PetShop.Infrastructure", "PetShop.Infrastructure\PetShop.Infrastructure.csproj", "{2F43F351-EFF5-4A74-A5D6-BDF5E5BD3D66}"
EndProject
Project("{FAE04EC0-301F-11D3-BF4B-00C04F79EFBC}") = "PetShop.Application", "PetShop.Application\PetShop.Application.csproj", "{5F8AD76A-1209-49ED-8113-051627979C3F}"
EndProject
Project("{FAE04EC0-301F-11D3-BF4B-00C04F79EFBC}") = "PetShop.Infrastructure.Sqlite", "PetShop.Infrastructure.Sqlite\PetShop.Infrastructure.Sqlite.csproj", "{4924AED5-A2C1-4109-A5D7-B8288EDCFCB9}"
EndProject
Project("{FAE04EC0-301F-11D3-BF4B-00C04F79EFBC}") = "PetShopGraphQL", "PetShopGraphQL\PetShopGraphQL.csproj", "{EAB2C355-6700-4C4E-86D8-8A626A6000B4}"
EndProject
Project("{FAE04EC0-301F-11D3-BF4B-00C04F79EFBC}") = "PetShop.Infrastructure.EF.Sqlite", "PetShop.Infrastructure.EF.Sqlite\PetShop.Infrastructure.EF.Sqlite.csproj", "{EE75F33A-90E3-41F0-BC68-E3FCB59A1D49}"
EndProject
Global
	GlobalSection(SolutionConfigurationPlatforms) = preSolution
		Debug|Any CPU = Debug|Any CPU
		Release|Any CPU = Release|Any CPU
	EndGlobalSection
	GlobalSection(ProjectConfigurationPlatforms) = postSolution
		{0FE25C4B-81D6-4DA2-98A2-17F340C6801A}.Debug|Any CPU.ActiveCfg = Debug|Any CPU
		{0FE25C4B-81D6-4DA2-98A2-17F340C6801A}.Debug|Any CPU.Build.0 = Debug|Any CPU
		{0FE25C4B-81D6-4DA2-98A2-17F340C6801A}.Release|Any CPU.ActiveCfg = Release|Any CPU
		{0FE25C4B-81D6-4DA2-98A2-17F340C6801A}.Release|Any CPU.Build.0 = Release|Any CPU
		{90BDF818-2327-43F9-B9B4-C13E2DD75539}.Debug|Any CPU.ActiveCfg = Debug|Any CPU
		{90BDF818-2327-43F9-B9B4-C13E2DD75539}.Debug|Any CPU.Build.0 = Debug|Any CPU
		{90BDF818-2327-43F9-B9B4-C13E2DD75539}.Release|Any CPU.ActiveCfg = Release|Any CPU
		{90BDF818-2327-43F9-B9B4-C13E2DD75539}.Release|Any CPU.Build.0 = Release|Any CPU
		{C9059E0C-63B8-45EF-B5F7-9A9843523CC7}.Debug|Any CPU.ActiveCfg = Debug|Any CPU
		{C9059E0C-63B8-45EF-B5F7-9A9843523CC7}.Debug|Any CPU.Build.0 = Debug|Any CPU
		{C9059E0C-63B8-45EF-B5F7-9A9843523CC7}.Release|Any CPU.ActiveCfg = Release|Any CPU
		{C9059E0C-63B8-45EF-B5F7-9A9843523CC7}.Release|Any CPU.Build.0 = Release|Any CPU
		{80CDC2A6-B870-4DB3-94F8-B82592DC2DAB}.Debug|Any CPU.ActiveCfg = Debug|Any CPU
		{80CDC2A6-B870-4DB3-94F8-B82592DC2DAB}.Debug|Any CPU.Build.0 = Debug|Any CPU
		{80CDC2A6-B870-4DB3-94F8-B82592DC2DAB}.Release|Any CPU.ActiveCfg = Release|Any CPU
		{80CDC2A6-B870-4DB3-94F8-B82592DC2DAB}.Release|Any CPU.Build.0 = Release|Any CPU
		{199466E3-01CB-496D-A9E7-034A6B1D1A8E}.Debug|Any CPU.ActiveCfg = Debug|Any CPU
		{199466E3-01CB-496D-A9E7-034A6B1D1A8E}.Debug|Any CPU.Build.0 = Debug|Any CPU
		{199466E3-01CB-496D-A9E7-034A6B1D1A8E}.Release|Any CPU.ActiveCfg = Release|Any CPU
		{199466E3-01CB-496D-A9E7-034A6B1D1A8E}.Release|Any CPU.Build.0 = Release|Any CPU
		{20EC298A-5454-4E85-8E13-07D922F969AE}.Debug|Any CPU.ActiveCfg = Debug|Any CPU
		{20EC298A-5454-4E85-8E13-07D922F969AE}.Debug|Any CPU.Build.0 = Debug|Any CPU
		{20EC298A-5454-4E85-8E13-07D922F969AE}.Release|Any CPU.ActiveCfg = Release|Any CPU
		{20EC298A-5454-4E85-8E13-07D922F969AE}.Release|Any CPU.Build.0 = Release|Any CPU
		{0B64B95B-C608-4307-A12C-C9C55154F784}.Debug|Any CPU.ActiveCfg = Debug|Any CPU
		{0B64B95B-C608-4307-A12C-C9C55154F784}.Debug|Any CPU.Build.0 = Debug|Any CPU
		{0B64B95B-C608-4307-A12C-C9C55154F784}.Release|Any CPU.ActiveCfg = Release|Any CPU
		{0B64B95B-C608-4307-A12C-C9C55154F784}.Release|Any CPU.Build.0 = Release|Any CPU
		{2F43F351-EFF5-4A74-A5D6-BDF5E5BD3D66}.Debug|Any CPU.ActiveCfg = Debug|Any CPU
		{2F43F351-EFF5-4A74-A5D6-BDF5E5BD3D66}.Debug|Any CPU.Build.0 = Debug|Any CPU
		{2F43F351-EFF5-4A74-A5D6-BDF5E5BD3D66}.Release|Any CPU.ActiveCfg = Release|Any CPU
		{2F43F351-EFF5-4A74-A5D6-BDF5E5BD3D66}.Release|Any CPU.Build.0 = Release|Any CPU
		{5F8AD76A-1209-49ED-8113-051627979C3F}.Debug|Any CPU.ActiveCfg = Debug|Any CPU
		{5F8AD76A-1209-49ED-8113-051627979C3F}.Debug|Any CPU.Build.0 = Debug|Any CPU
		{5F8AD76A-1209-49ED-8113-051627979C3F}.Release|Any CPU.ActiveCfg = Release|Any CPU
		{5F8AD76A-1209-49ED-8113-051627979C3F}.Release|Any CPU.Build.0 = Release|Any CPU
		{4924AED5-A2C1-4109-A5D7-B8288EDCFCB9}.Debug|Any CPU.ActiveCfg = Debug|Any CPU
		{4924AED5-A2C1-4109-A5D7-B8288EDCFCB9}.Debug|Any CPU.Build.0 = Debug|Any CPU
		{4924AED5-A2C1-4109-A5D7-B8288EDCFCB9}.Release|Any CPU.ActiveCfg = Release|Any CPU
		{4924AED5-A2C1-4109-A5D7-B8288EDCFCB9}.Release|Any CPU.Build.0 = Release|Any CPU
		{EAB2C355-6700-4C4E-86D8-8A626A6000B4}.Debug|Any CPU.ActiveCfg = Debug|Any CPU
		{EAB2C355-6700-4C4E-86D8-8A626A6000B4}.Debug|Any CPU.Build.0 = Debug|Any CPU
		{EAB2C355-6700-4C4E-86D8-8A626A6000B4}.Release|Any CPU.ActiveCfg = Release|Any CPU
		{EAB2C355-6700-4C4E-86D8-8A626A6000B4}.Release|Any CPU.Build.0 = Release|Any CPU
		{EE75F33A-90E3-41F0-BC68-E3FCB59A1D49}.Debug|Any CPU.ActiveCfg = Debug|Any CPU
		{EE75F33A-90E3-41F0-BC68-E3FCB59A1D49}.Debug|Any CPU.Build.0 = Debug|Any CPU
		{EE75F33A-90E3-41F0-BC68-E3FCB59A1D49}.Release|Any CPU.ActiveCfg = Release|Any CPU
		{EE75F33A-90E3-41F0-BC68-E3FCB59A1D49}.Release|Any CPU.Build.0 = Release|Any CPU
	EndGlobalSection
	GlobalSection(SolutionProperties) = preSolution
		HideSolutionNode = FALSE
	EndGlobalSection
	GlobalSection(ExtensibilityGlobals) = postSolution
		SolutionGuid = {5B06E41A-165A-41F7-A07F-AC25941F572A}
	EndGlobalSection
EndGlobal
